
Microsoft Visual Studio Solution File, Format Version 12.00
# Visual Studio 14
VisualStudioVersion = 14.0.25123.0
MinimumVisualStudioVersion = 10.0.40219.1
Project("{FAE04EC0-301F-11D3-BF4B-00C04F79EFBC}") = "Telegraf", "src\StatsdClient\Telegraf.csproj", "{77B1707A-9123-4CD9-9A18-A8D7F4794D71}"
EndProject
Project("{2150E333-8FDC-42A3-9474-1A3956D46DE8}") = "Solution Items", "Solution Items", "{F203461B-CFB5-41A4-A784-A453B60B9D4F}"
	ProjectSection(SolutionItems) = preProject
		LICENSE.md = LICENSE.md
		README.md = README.md
		Telegraf.nuspec = Telegraf.nuspec
	EndProjectSection
EndProject
Project("{FAE04EC0-301F-11D3-BF4B-00C04F79EFBC}") = "TesterTool", "src\TesterTool\TesterTool.csproj", "{AAD269C3-9563-4061-8656-F13D0BDCB19A}"
EndProject
Global
	GlobalSection(SolutionConfigurationPlatforms) = preSolution
		Debug|Any CPU = Debug|Any CPU
		Debug|Mixed Platforms = Debug|Mixed Platforms
		Debug|x86 = Debug|x86
		QA|Any CPU = QA|Any CPU
		QA|Mixed Platforms = QA|Mixed Platforms
		QA|x86 = QA|x86
		Release|Any CPU = Release|Any CPU
		Release|Mixed Platforms = Release|Mixed Platforms
		Release|x86 = Release|x86
		Specs|Any CPU = Specs|Any CPU
		Specs|Mixed Platforms = Specs|Mixed Platforms
		Specs|x86 = Specs|x86
		Staging|Any CPU = Staging|Any CPU
		Staging|Mixed Platforms = Staging|Mixed Platforms
		Staging|x86 = Staging|x86
	EndGlobalSection
	GlobalSection(ProjectConfigurationPlatforms) = postSolution
		{77B1707A-9123-4CD9-9A18-A8D7F4794D71}.Debug|Any CPU.ActiveCfg = Debug|Any CPU
		{77B1707A-9123-4CD9-9A18-A8D7F4794D71}.Debug|Any CPU.Build.0 = Debug|Any CPU
		{77B1707A-9123-4CD9-9A18-A8D7F4794D71}.Debug|Mixed Platforms.ActiveCfg = Debug|Any CPU
		{77B1707A-9123-4CD9-9A18-A8D7F4794D71}.Debug|Mixed Platforms.Build.0 = Debug|Any CPU
		{77B1707A-9123-4CD9-9A18-A8D7F4794D71}.Debug|x86.ActiveCfg = Debug|Any CPU
		{77B1707A-9123-4CD9-9A18-A8D7F4794D71}.Debug|x86.Build.0 = Debug|Any CPU
		{77B1707A-9123-4CD9-9A18-A8D7F4794D71}.QA|Any CPU.ActiveCfg = Release|Any CPU
		{77B1707A-9123-4CD9-9A18-A8D7F4794D71}.QA|Any CPU.Build.0 = Release|Any CPU
		{77B1707A-9123-4CD9-9A18-A8D7F4794D71}.QA|Mixed Platforms.ActiveCfg = Release|Any CPU
		{77B1707A-9123-4CD9-9A18-A8D7F4794D71}.QA|Mixed Platforms.Build.0 = Release|Any CPU
		{77B1707A-9123-4CD9-9A18-A8D7F4794D71}.QA|x86.ActiveCfg = Release|Any CPU
		{77B1707A-9123-4CD9-9A18-A8D7F4794D71}.QA|x86.Build.0 = Release|Any CPU
		{77B1707A-9123-4CD9-9A18-A8D7F4794D71}.Release|Any CPU.ActiveCfg = Release|Any CPU
		{77B1707A-9123-4CD9-9A18-A8D7F4794D71}.Release|Any CPU.Build.0 = Release|Any CPU
		{77B1707A-9123-4CD9-9A18-A8D7F4794D71}.Release|Mixed Platforms.ActiveCfg = Release|Any CPU
		{77B1707A-9123-4CD9-9A18-A8D7F4794D71}.Release|Mixed Platforms.Build.0 = Release|Any CPU
		{77B1707A-9123-4CD9-9A18-A8D7F4794D71}.Release|x86.ActiveCfg = Release|Any CPU
		{77B1707A-9123-4CD9-9A18-A8D7F4794D71}.Release|x86.Build.0 = Release|Any CPU
		{77B1707A-9123-4CD9-9A18-A8D7F4794D71}.Specs|Any CPU.ActiveCfg = Release|Any CPU
		{77B1707A-9123-4CD9-9A18-A8D7F4794D71}.Specs|Any CPU.Build.0 = Release|Any CPU
		{77B1707A-9123-4CD9-9A18-A8D7F4794D71}.Specs|Mixed Platforms.ActiveCfg = Release|Any CPU
		{77B1707A-9123-4CD9-9A18-A8D7F4794D71}.Specs|Mixed Platforms.Build.0 = Release|Any CPU
		{77B1707A-9123-4CD9-9A18-A8D7F4794D71}.Specs|x86.ActiveCfg = Release|Any CPU
		{77B1707A-9123-4CD9-9A18-A8D7F4794D71}.Specs|x86.Build.0 = Release|Any CPU
		{77B1707A-9123-4CD9-9A18-A8D7F4794D71}.Staging|Any CPU.ActiveCfg = Release|Any CPU
		{77B1707A-9123-4CD9-9A18-A8D7F4794D71}.Staging|Any CPU.Build.0 = Release|Any CPU
		{77B1707A-9123-4CD9-9A18-A8D7F4794D71}.Staging|Mixed Platforms.ActiveCfg = Release|Any CPU
		{77B1707A-9123-4CD9-9A18-A8D7F4794D71}.Staging|Mixed Platforms.Build.0 = Release|Any CPU
		{77B1707A-9123-4CD9-9A18-A8D7F4794D71}.Staging|x86.ActiveCfg = Release|Any CPU
		{77B1707A-9123-4CD9-9A18-A8D7F4794D71}.Staging|x86.Build.0 = Release|Any CPU
		{AAD269C3-9563-4061-8656-F13D0BDCB19A}.Debug|Any CPU.ActiveCfg = Debug|Any CPU
		{AAD269C3-9563-4061-8656-F13D0BDCB19A}.Debug|Any CPU.Build.0 = Debug|Any CPU
		{AAD269C3-9563-4061-8656-F13D0BDCB19A}.Debug|Mixed Platforms.ActiveCfg = Debug|Any CPU
		{AAD269C3-9563-4061-8656-F13D0BDCB19A}.Debug|Mixed Platforms.Build.0 = Debug|Any CPU
		{AAD269C3-9563-4061-8656-F13D0BDCB19A}.Debug|x86.ActiveCfg = Debug|Any CPU
		{AAD269C3-9563-4061-8656-F13D0BDCB19A}.Debug|x86.Build.0 = Debug|Any CPU
		{AAD269C3-9563-4061-8656-F13D0BDCB19A}.QA|Any CPU.ActiveCfg = Release|Any CPU
		{AAD269C3-9563-4061-8656-F13D0BDCB19A}.QA|Any CPU.Build.0 = Release|Any CPU
		{AAD269C3-9563-4061-8656-F13D0BDCB19A}.QA|Mixed Platforms.ActiveCfg = Release|Any CPU
		{AAD269C3-9563-4061-8656-F13D0BDCB19A}.QA|Mixed Platforms.Build.0 = Release|Any CPU
		{AAD269C3-9563-4061-8656-F13D0BDCB19A}.QA|x86.ActiveCfg = Release|Any CPU
		{AAD269C3-9563-4061-8656-F13D0BDCB19A}.QA|x86.Build.0 = Release|Any CPU
		{AAD269C3-9563-4061-8656-F13D0BDCB19A}.Release|Any CPU.ActiveCfg = Release|Any CPU
		{AAD269C3-9563-4061-8656-F13D0BDCB19A}.Release|Any CPU.Build.0 = Release|Any CPU
		{AAD269C3-9563-4061-8656-F13D0BDCB19A}.Release|Mixed Platforms.ActiveCfg = Release|Any CPU
		{AAD269C3-9563-4061-8656-F13D0BDCB19A}.Release|Mixed Platforms.Build.0 = Release|Any CPU
		{AAD269C3-9563-4061-8656-F13D0BDCB19A}.Release|x86.ActiveCfg = Release|Any CPU
		{AAD269C3-9563-4061-8656-F13D0BDCB19A}.Release|x86.Build.0 = Release|Any CPU
		{AAD269C3-9563-4061-8656-F13D0BDCB19A}.Specs|Any CPU.ActiveCfg = Release|Any CPU
		{AAD269C3-9563-4061-8656-F13D0BDCB19A}.Specs|Any CPU.Build.0 = Release|Any CPU
		{AAD269C3-9563-4061-8656-F13D0BDCB19A}.Specs|Mixed Platforms.ActiveCfg = Release|Any CPU
		{AAD269C3-9563-4061-8656-F13D0BDCB19A}.Specs|Mixed Platforms.Build.0 = Release|Any CPU
		{AAD269C3-9563-4061-8656-F13D0BDCB19A}.Specs|x86.ActiveCfg = Release|Any CPU
		{AAD269C3-9563-4061-8656-F13D0BDCB19A}.Specs|x86.Build.0 = Release|Any CPU
		{AAD269C3-9563-4061-8656-F13D0BDCB19A}.Staging|Any CPU.ActiveCfg = Release|Any CPU
		{AAD269C3-9563-4061-8656-F13D0BDCB19A}.Staging|Any CPU.Build.0 = Release|Any CPU
		{AAD269C3-9563-4061-8656-F13D0BDCB19A}.Staging|Mixed Platforms.ActiveCfg = Release|Any CPU
		{AAD269C3-9563-4061-8656-F13D0BDCB19A}.Staging|Mixed Platforms.Build.0 = Release|Any CPU
		{AAD269C3-9563-4061-8656-F13D0BDCB19A}.Staging|x86.ActiveCfg = Release|Any CPU
		{AAD269C3-9563-4061-8656-F13D0BDCB19A}.Staging|x86.Build.0 = Release|Any CPU
	EndGlobalSection
	GlobalSection(SolutionProperties) = preSolution
		HideSolutionNode = FALSE
	EndGlobalSection
EndGlobal
