
Microsoft Visual Studio Solution File, Format Version 12.00
# Visual Studio 15
VisualStudioVersion = 15.0.26430.16
MinimumVisualStudioVersion = 10.0.40219.1
Project("{2150E333-8FDC-42A3-9474-1A3956D46DE8}") = "Solution Items", "Solution Items", "{F203461B-CFB5-41A4-A784-A453B60B9D4F}"
	ProjectSection(SolutionItems) = preProject
		LICENSE.md = LICENSE.md
		README.md = README.md
		Telegraf.nuspec = Telegraf.nuspec
	EndProjectSection
EndProject
Project("{9A19103F-16F7-4668-BE54-9A1E7A4F7556}") = "Telegraf", "src\StatsdClient\Telegraf.csproj", "{FF1E1E5F-7E26-43C4-B807-397B5E300B75}"
EndProject
Project("{FAE04EC0-301F-11D3-BF4B-00C04F79EFBC}") = "TesterTool", "src\TesterTool\TesterTool.csproj", "{C2310CF7-1210-4D94-813F-B452C88A4377}"
EndProject
Global
	GlobalSection(SolutionConfigurationPlatforms) = preSolution
		Debug|Any CPU = Debug|Any CPU
		Debug|Mixed Platforms = Debug|Mixed Platforms
		Debug|x86 = Debug|x86
		QA|Any CPU = QA|Any CPU
		QA|Mixed Platforms = QA|Mixed Platforms
		QA|x86 = QA|x86
		Release|Any CPU = Release|Any CPU
		Release|Mixed Platforms = Release|Mixed Platforms
		Release|x86 = Release|x86
		Specs|Any CPU = Specs|Any CPU
		Specs|Mixed Platforms = Specs|Mixed Platforms
		Specs|x86 = Specs|x86
		Staging|Any CPU = Staging|Any CPU
		Staging|Mixed Platforms = Staging|Mixed Platforms
		Staging|x86 = Staging|x86
	EndGlobalSection
	GlobalSection(ProjectConfigurationPlatforms) = postSolution
		{FF1E1E5F-7E26-43C4-B807-397B5E300B75}.Debug|Any CPU.ActiveCfg = Debug|Any CPU
		{FF1E1E5F-7E26-43C4-B807-397B5E300B75}.Debug|Any CPU.Build.0 = Debug|Any CPU
		{FF1E1E5F-7E26-43C4-B807-397B5E300B75}.Debug|Mixed Platforms.ActiveCfg = Debug|Any CPU
		{FF1E1E5F-7E26-43C4-B807-397B5E300B75}.Debug|Mixed Platforms.Build.0 = Debug|Any CPU
		{FF1E1E5F-7E26-43C4-B807-397B5E300B75}.Debug|x86.ActiveCfg = Debug|Any CPU
		{FF1E1E5F-7E26-43C4-B807-397B5E300B75}.Debug|x86.Build.0 = Debug|Any CPU
		{FF1E1E5F-7E26-43C4-B807-397B5E300B75}.QA|Any CPU.ActiveCfg = Debug|Any CPU
		{FF1E1E5F-7E26-43C4-B807-397B5E300B75}.QA|Any CPU.Build.0 = Debug|Any CPU
		{FF1E1E5F-7E26-43C4-B807-397B5E300B75}.QA|Mixed Platforms.ActiveCfg = Debug|Any CPU
		{FF1E1E5F-7E26-43C4-B807-397B5E300B75}.QA|Mixed Platforms.Build.0 = Debug|Any CPU
		{FF1E1E5F-7E26-43C4-B807-397B5E300B75}.QA|x86.ActiveCfg = Debug|Any CPU
		{FF1E1E5F-7E26-43C4-B807-397B5E300B75}.QA|x86.Build.0 = Debug|Any CPU
		{FF1E1E5F-7E26-43C4-B807-397B5E300B75}.Release|Any CPU.ActiveCfg = Release|Any CPU
		{FF1E1E5F-7E26-43C4-B807-397B5E300B75}.Release|Any CPU.Build.0 = Release|Any CPU
		{FF1E1E5F-7E26-43C4-B807-397B5E300B75}.Release|Mixed Platforms.ActiveCfg = Release|Any CPU
		{FF1E1E5F-7E26-43C4-B807-397B5E300B75}.Release|Mixed Platforms.Build.0 = Release|Any CPU
		{FF1E1E5F-7E26-43C4-B807-397B5E300B75}.Release|x86.ActiveCfg = Release|Any CPU
		{FF1E1E5F-7E26-43C4-B807-397B5E300B75}.Release|x86.Build.0 = Release|Any CPU
		{FF1E1E5F-7E26-43C4-B807-397B5E300B75}.Specs|Any CPU.ActiveCfg = Debug|Any CPU
		{FF1E1E5F-7E26-43C4-B807-397B5E300B75}.Specs|Any CPU.Build.0 = Debug|Any CPU
		{FF1E1E5F-7E26-43C4-B807-397B5E300B75}.Specs|Mixed Platforms.ActiveCfg = Debug|Any CPU
		{FF1E1E5F-7E26-43C4-B807-397B5E300B75}.Specs|Mixed Platforms.Build.0 = Debug|Any CPU
		{FF1E1E5F-7E26-43C4-B807-397B5E300B75}.Specs|x86.ActiveCfg = Debug|Any CPU
		{FF1E1E5F-7E26-43C4-B807-397B5E300B75}.Specs|x86.Build.0 = Debug|Any CPU
		{FF1E1E5F-7E26-43C4-B807-397B5E300B75}.Staging|Any CPU.ActiveCfg = Debug|Any CPU
		{FF1E1E5F-7E26-43C4-B807-397B5E300B75}.Staging|Any CPU.Build.0 = Debug|Any CPU
		{FF1E1E5F-7E26-43C4-B807-397B5E300B75}.Staging|Mixed Platforms.ActiveCfg = Debug|Any CPU
		{FF1E1E5F-7E26-43C4-B807-397B5E300B75}.Staging|Mixed Platforms.Build.0 = Debug|Any CPU
		{FF1E1E5F-7E26-43C4-B807-397B5E300B75}.Staging|x86.ActiveCfg = Debug|Any CPU
		{FF1E1E5F-7E26-43C4-B807-397B5E300B75}.Staging|x86.Build.0 = Debug|Any CPU
		{C2310CF7-1210-4D94-813F-B452C88A4377}.Debug|Any CPU.ActiveCfg = Debug|Any CPU
		{C2310CF7-1210-4D94-813F-B452C88A4377}.Debug|Any CPU.Build.0 = Debug|Any CPU
		{C2310CF7-1210-4D94-813F-B452C88A4377}.Debug|Mixed Platforms.ActiveCfg = Debug|Any CPU
		{C2310CF7-1210-4D94-813F-B452C88A4377}.Debug|Mixed Platforms.Build.0 = Debug|Any CPU
		{C2310CF7-1210-4D94-813F-B452C88A4377}.Debug|x86.ActiveCfg = Debug|Any CPU
		{C2310CF7-1210-4D94-813F-B452C88A4377}.Debug|x86.Build.0 = Debug|Any CPU
		{C2310CF7-1210-4D94-813F-B452C88A4377}.QA|Any CPU.ActiveCfg = Debug|Any CPU
		{C2310CF7-1210-4D94-813F-B452C88A4377}.QA|Any CPU.Build.0 = Debug|Any CPU
		{C2310CF7-1210-4D94-813F-B452C88A4377}.QA|Mixed Platforms.ActiveCfg = Debug|Any CPU
		{C2310CF7-1210-4D94-813F-B452C88A4377}.QA|Mixed Platforms.Build.0 = Debug|Any CPU
		{C2310CF7-1210-4D94-813F-B452C88A4377}.QA|x86.ActiveCfg = Debug|Any CPU
		{C2310CF7-1210-4D94-813F-B452C88A4377}.QA|x86.Build.0 = Debug|Any CPU
		{C2310CF7-1210-4D94-813F-B452C88A4377}.Release|Any CPU.ActiveCfg = Release|Any CPU
		{C2310CF7-1210-4D94-813F-B452C88A4377}.Release|Any CPU.Build.0 = Release|Any CPU
		{C2310CF7-1210-4D94-813F-B452C88A4377}.Release|Mixed Platforms.ActiveCfg = Release|Any CPU
		{C2310CF7-1210-4D94-813F-B452C88A4377}.Release|Mixed Platforms.Build.0 = Release|Any CPU
		{C2310CF7-1210-4D94-813F-B452C88A4377}.Release|x86.ActiveCfg = Release|Any CPU
		{C2310CF7-1210-4D94-813F-B452C88A4377}.Release|x86.Build.0 = Release|Any CPU
		{C2310CF7-1210-4D94-813F-B452C88A4377}.Specs|Any CPU.ActiveCfg = Debug|Any CPU
		{C2310CF7-1210-4D94-813F-B452C88A4377}.Specs|Any CPU.Build.0 = Debug|Any CPU
		{C2310CF7-1210-4D94-813F-B452C88A4377}.Specs|Mixed Platforms.ActiveCfg = Debug|Any CPU
		{C2310CF7-1210-4D94-813F-B452C88A4377}.Specs|Mixed Platforms.Build.0 = Debug|Any CPU
		{C2310CF7-1210-4D94-813F-B452C88A4377}.Specs|x86.ActiveCfg = Debug|Any CPU
		{C2310CF7-1210-4D94-813F-B452C88A4377}.Specs|x86.Build.0 = Debug|Any CPU
		{C2310CF7-1210-4D94-813F-B452C88A4377}.Staging|Any CPU.ActiveCfg = Debug|Any CPU
		{C2310CF7-1210-4D94-813F-B452C88A4377}.Staging|Any CPU.Build.0 = Debug|Any CPU
		{C2310CF7-1210-4D94-813F-B452C88A4377}.Staging|Mixed Platforms.ActiveCfg = Debug|Any CPU
		{C2310CF7-1210-4D94-813F-B452C88A4377}.Staging|Mixed Platforms.Build.0 = Debug|Any CPU
		{C2310CF7-1210-4D94-813F-B452C88A4377}.Staging|x86.ActiveCfg = Debug|Any CPU
		{C2310CF7-1210-4D94-813F-B452C88A4377}.Staging|x86.Build.0 = Debug|Any CPU
	EndGlobalSection
	GlobalSection(SolutionProperties) = preSolution
		HideSolutionNode = FALSE
	EndGlobalSection
EndGlobal
